
Microsoft Visual Studio Solution File, Format Version 12.00
# Visual Studio Version 16
VisualStudioVersion = 16.0.31605.320
MinimumVisualStudioVersion = 10.0.40219.1
Project("{FAE04EC0-301F-11D3-BF4B-00C04F79EFBC}") = "Ashirvad.Web", "Ashirvad.Web\Ashirvad.Web.csproj", "{B82E8A68-C4D5-40A2-8F69-EF543A3D5B42}"
EndProject
Project("{FAE04EC0-301F-11D3-BF4B-00C04F79EFBC}") = "Ashirvad.API", "Ashirvad.API\Ashirvad.API.csproj", "{79611A9C-66DE-4142-9595-26EC695118F1}"
EndProject
Project("{FAE04EC0-301F-11D3-BF4B-00C04F79EFBC}") = "Ashirvad.Common", "Ashirvad.Common\Ashirvad.Common.csproj", "{3D5FD5EF-7DC9-4214-85C8-5D6E3C6C2800}"
EndProject
Project("{FAE04EC0-301F-11D3-BF4B-00C04F79EFBC}") = "Ashirvad.ServiceAPI", "Ashirvad.ServiceAPI\Ashirvad.ServiceAPI.csproj", "{25B39F47-859A-43B3-9E71-225E89944488}"
EndProject
Project("{FAE04EC0-301F-11D3-BF4B-00C04F79EFBC}") = "Ashirvad.Repo", "Ashirvad.Repo\Ashirvad.Repo.csproj", "{5105009B-F571-4C89-ACA7-C6437DA81F59}"
EndProject
Project("{FAE04EC0-301F-11D3-BF4B-00C04F79EFBC}") = "Ashirvad.Logger", "Ashirvad.Logger\Ashirvad.Logger.csproj", "{39F31732-B1A8-4525-AA62-CBC3AEA20218}"
EndProject
Project("{FAE04EC0-301F-11D3-BF4B-00C04F79EFBC}") = "Ashirvad.Data", "Ashirvad.Data\Ashirvad.Data.csproj", "{E1440DA5-3D5A-4C0D-AE15-CBDA5A71ABE1}"
EndProject
Project("{FAE04EC0-301F-11D3-BF4B-00C04F79EFBC}") = "Ashirvad.Uploads", "Ashirvad.Uploads\Ashirvad.Uploads.csproj", "{E98D87C7-3A6C-4759-95B0-6D4A98C2A99E}"
EndProject
Project("{FAE04EC0-301F-11D3-BF4B-00C04F79EFBC}") = "Ashirvad.Website", "Ashirvad.Website\Ashirvad.Website.csproj", "{A9663BED-7FE7-42C1-A26F-6E15A48051D7}"
EndProject
Global
	GlobalSection(SolutionConfigurationPlatforms) = preSolution
		Debug|Any CPU = Debug|Any CPU
		Release|Any CPU = Release|Any CPU
	EndGlobalSection
	GlobalSection(ProjectConfigurationPlatforms) = postSolution
		{B82E8A68-C4D5-40A2-8F69-EF543A3D5B42}.Debug|Any CPU.ActiveCfg = Debug|Any CPU
		{B82E8A68-C4D5-40A2-8F69-EF543A3D5B42}.Debug|Any CPU.Build.0 = Debug|Any CPU
		{B82E8A68-C4D5-40A2-8F69-EF543A3D5B42}.Release|Any CPU.ActiveCfg = Release|Any CPU
		{B82E8A68-C4D5-40A2-8F69-EF543A3D5B42}.Release|Any CPU.Build.0 = Release|Any CPU
		{79611A9C-66DE-4142-9595-26EC695118F1}.Debug|Any CPU.ActiveCfg = Debug|Any CPU
		{79611A9C-66DE-4142-9595-26EC695118F1}.Debug|Any CPU.Build.0 = Debug|Any CPU
		{79611A9C-66DE-4142-9595-26EC695118F1}.Release|Any CPU.ActiveCfg = Release|Any CPU
		{79611A9C-66DE-4142-9595-26EC695118F1}.Release|Any CPU.Build.0 = Release|Any CPU
		{3D5FD5EF-7DC9-4214-85C8-5D6E3C6C2800}.Debug|Any CPU.ActiveCfg = Debug|Any CPU
		{3D5FD5EF-7DC9-4214-85C8-5D6E3C6C2800}.Debug|Any CPU.Build.0 = Debug|Any CPU
		{3D5FD5EF-7DC9-4214-85C8-5D6E3C6C2800}.Release|Any CPU.ActiveCfg = Release|Any CPU
		{3D5FD5EF-7DC9-4214-85C8-5D6E3C6C2800}.Release|Any CPU.Build.0 = Release|Any CPU
		{25B39F47-859A-43B3-9E71-225E89944488}.Debug|Any CPU.ActiveCfg = Debug|Any CPU
		{25B39F47-859A-43B3-9E71-225E89944488}.Debug|Any CPU.Build.0 = Debug|Any CPU
		{25B39F47-859A-43B3-9E71-225E89944488}.Release|Any CPU.ActiveCfg = Release|Any CPU
		{25B39F47-859A-43B3-9E71-225E89944488}.Release|Any CPU.Build.0 = Release|Any CPU
		{5105009B-F571-4C89-ACA7-C6437DA81F59}.Debug|Any CPU.ActiveCfg = Debug|Any CPU
		{5105009B-F571-4C89-ACA7-C6437DA81F59}.Debug|Any CPU.Build.0 = Debug|Any CPU
		{5105009B-F571-4C89-ACA7-C6437DA81F59}.Release|Any CPU.ActiveCfg = Release|Any CPU
		{5105009B-F571-4C89-ACA7-C6437DA81F59}.Release|Any CPU.Build.0 = Release|Any CPU
		{39F31732-B1A8-4525-AA62-CBC3AEA20218}.Debug|Any CPU.ActiveCfg = Debug|Any CPU
		{39F31732-B1A8-4525-AA62-CBC3AEA20218}.Debug|Any CPU.Build.0 = Debug|Any CPU
		{39F31732-B1A8-4525-AA62-CBC3AEA20218}.Release|Any CPU.ActiveCfg = Release|Any CPU
		{39F31732-B1A8-4525-AA62-CBC3AEA20218}.Release|Any CPU.Build.0 = Release|Any CPU
		{E1440DA5-3D5A-4C0D-AE15-CBDA5A71ABE1}.Debug|Any CPU.ActiveCfg = Debug|Any CPU
		{E1440DA5-3D5A-4C0D-AE15-CBDA5A71ABE1}.Debug|Any CPU.Build.0 = Debug|Any CPU
		{E1440DA5-3D5A-4C0D-AE15-CBDA5A71ABE1}.Release|Any CPU.ActiveCfg = Release|Any CPU
		{E1440DA5-3D5A-4C0D-AE15-CBDA5A71ABE1}.Release|Any CPU.Build.0 = Release|Any CPU
		{E98D87C7-3A6C-4759-95B0-6D4A98C2A99E}.Debug|Any CPU.ActiveCfg = Debug|Any CPU
		{E98D87C7-3A6C-4759-95B0-6D4A98C2A99E}.Debug|Any CPU.Build.0 = Debug|Any CPU
		{E98D87C7-3A6C-4759-95B0-6D4A98C2A99E}.Release|Any CPU.ActiveCfg = Release|Any CPU
		{E98D87C7-3A6C-4759-95B0-6D4A98C2A99E}.Release|Any CPU.Build.0 = Release|Any CPU
		{A9663BED-7FE7-42C1-A26F-6E15A48051D7}.Debug|Any CPU.ActiveCfg = Debug|Any CPU
		{A9663BED-7FE7-42C1-A26F-6E15A48051D7}.Debug|Any CPU.Build.0 = Debug|Any CPU
		{A9663BED-7FE7-42C1-A26F-6E15A48051D7}.Release|Any CPU.ActiveCfg = Release|Any CPU
		{A9663BED-7FE7-42C1-A26F-6E15A48051D7}.Release|Any CPU.Build.0 = Release|Any CPU
	EndGlobalSection
	GlobalSection(SolutionProperties) = preSolution
		HideSolutionNode = FALSE
	EndGlobalSection
	GlobalSection(ExtensibilityGlobals) = postSolution
		SolutionGuid = {1507F311-87D7-46B3-8680-3511FB3F8840}
	EndGlobalSection
EndGlobal
